// !$*UTF8*$!
{
	archiveVersion = 1;
	classes = {
	};
	objectVersion = 55;
	objects = {

/* Begin PBXBuildFile section */
		3BFFBCC128CCC4610050D2DE /* Hacker_NewsApp.swift in Sources */ = {isa = PBXBuildFile; fileRef = 3BFFBCC028CCC4610050D2DE /* Hacker_NewsApp.swift */; };
		3BFFBCC328CCC4610050D2DE /* ContentView.swift in Sources */ = {isa = PBXBuildFile; fileRef = 3BFFBCC228CCC4610050D2DE /* ContentView.swift */; };
		3BFFBCC528CCC4640050D2DE /* Assets.xcassets in Resources */ = {isa = PBXBuildFile; fileRef = 3BFFBCC428CCC4640050D2DE /* Assets.xcassets */; };
		3BFFBCC828CCC4640050D2DE /* Preview Assets.xcassets in Resources */ = {isa = PBXBuildFile; fileRef = 3BFFBCC728CCC4640050D2DE /* Preview Assets.xcassets */; };
		3BFFBCD028CCCD7C0050D2DE /* NetworkManager.swift in Sources */ = {isa = PBXBuildFile; fileRef = 3BFFBCCF28CCCD7C0050D2DE /* NetworkManager.swift */; };
		3BFFBCD528CCDB660050D2DE /* DetailView.swift in Sources */ = {isa = PBXBuildFile; fileRef = 3BFFBCD428CCDB660050D2DE /* DetailView.swift */; };
		3BFFBCD728CCE03C0050D2DE /* WebView.swift in Sources */ = {isa = PBXBuildFile; fileRef = 3BFFBCD628CCE03C0050D2DE /* WebView.swift */; };
		3BFFBCDA28CCE4410050D2DE /* PostData.swift in Sources */ = {isa = PBXBuildFile; fileRef = 3BFFBCD928CCE4410050D2DE /* PostData.swift */; };
/* End PBXBuildFile section */

/* Begin PBXFileReference section */
		3BFFBCBD28CCC4610050D2DE /* Hacker-News.app */ = {isa = PBXFileReference; explicitFileType = wrapper.application; includeInIndex = 0; path = "Hacker-News.app"; sourceTree = BUILT_PRODUCTS_DIR; };
		3BFFBCC028CCC4610050D2DE /* Hacker_NewsApp.swift */ = {isa = PBXFileReference; lastKnownFileType = sourcecode.swift; path = Hacker_NewsApp.swift; sourceTree = "<group>"; };
		3BFFBCC228CCC4610050D2DE /* ContentView.swift */ = {isa = PBXFileReference; lastKnownFileType = sourcecode.swift; path = ContentView.swift; sourceTree = "<group>"; };
		3BFFBCC428CCC4640050D2DE /* Assets.xcassets */ = {isa = PBXFileReference; lastKnownFileType = folder.assetcatalog; path = Assets.xcassets; sourceTree = "<group>"; };
		3BFFBCC728CCC4640050D2DE /* Preview Assets.xcassets */ = {isa = PBXFileReference; lastKnownFileType = folder.assetcatalog; path = "Preview Assets.xcassets"; sourceTree = "<group>"; };
		3BFFBCCF28CCCD7C0050D2DE /* NetworkManager.swift */ = {isa = PBXFileReference; lastKnownFileType = sourcecode.swift; path = NetworkManager.swift; sourceTree = "<group>"; };
		3BFFBCD428CCDB660050D2DE /* DetailView.swift */ = {isa = PBXFileReference; lastKnownFileType = sourcecode.swift; path = DetailView.swift; sourceTree = "<group>"; };
		3BFFBCD628CCE03C0050D2DE /* WebView.swift */ = {isa = PBXFileReference; lastKnownFileType = sourcecode.swift; path = WebView.swift; sourceTree = "<group>"; };
		3BFFBCD828CCE1FD0050D2DE /* Hacker-News.entitlements */ = {isa = PBXFileReference; lastKnownFileType = text.plist.entitlements; path = "Hacker-News.entitlements"; sourceTree = "<group>"; };
		3BFFBCD928CCE4410050D2DE /* PostData.swift */ = {isa = PBXFileReference; lastKnownFileType = sourcecode.swift; path = PostData.swift; sourceTree = "<group>"; };
/* End PBXFileReference section */

/* Begin PBXFrameworksBuildPhase section */
		3BFFBCBA28CCC4610050D2DE /* Frameworks */ = {
			isa = PBXFrameworksBuildPhase;
			buildActionMask = 2147483647;
			files = (
			);
			runOnlyForDeploymentPostprocessing = 0;
		};
/* End PBXFrameworksBuildPhase section */

/* Begin PBXGroup section */
		3BFFBCB428CCC4610050D2DE = {
			isa = PBXGroup;
			children = (
				3BFFBCBF28CCC4610050D2DE /* Hacker-News */,
				3BFFBCBE28CCC4610050D2DE /* Products */,
			);
			sourceTree = "<group>";
		};
		3BFFBCBE28CCC4610050D2DE /* Products */ = {
			isa = PBXGroup;
			children = (
				3BFFBCBD28CCC4610050D2DE /* Hacker-News.app */,
			);
			name = Products;
			sourceTree = "<group>";
		};
		3BFFBCBF28CCC4610050D2DE /* Hacker-News */ = {
			isa = PBXGroup;
			children = (
				3BFFBCD828CCE1FD0050D2DE /* Hacker-News.entitlements */,
				3BFFBCC028CCC4610050D2DE /* Hacker_NewsApp.swift */,
				3BFFBCD328CCDB500050D2DE /* Views */,
				3BFFBCCE28CCCD670050D2DE /* Models */,
				3BFFBCC428CCC4640050D2DE /* Assets.xcassets */,
				3BFFBCC628CCC4640050D2DE /* Preview Content */,
			);
			path = "Hacker-News";
			sourceTree = "<group>";
		};
		3BFFBCC628CCC4640050D2DE /* Preview Content */ = {
			isa = PBXGroup;
			children = (
				3BFFBCC728CCC4640050D2DE /* Preview Assets.xcassets */,
			);
			path = "Preview Content";
			sourceTree = "<group>";
		};
		3BFFBCCE28CCCD670050D2DE /* Models */ = {
			isa = PBXGroup;
			children = (
				3BFFBCCF28CCCD7C0050D2DE /* NetworkManager.swift */,
				3BFFBCD928CCE4410050D2DE /* PostData.swift */,
			);
			path = Models;
			sourceTree = "<group>";
		};
		3BFFBCD328CCDB500050D2DE /* Views */ = {
			isa = PBXGroup;
			children = (
				3BFFBCC228CCC4610050D2DE /* ContentView.swift */,
				3BFFBCD428CCDB660050D2DE /* DetailView.swift */,
				3BFFBCD628CCE03C0050D2DE /* WebView.swift */,
			);
			path = Views;
			sourceTree = "<group>";
		};
/* End PBXGroup section */

/* Begin PBXNativeTarget section */
		3BFFBCBC28CCC4610050D2DE /* Hacker-News */ = {
			isa = PBXNativeTarget;
			buildConfigurationList = 3BFFBCCB28CCC4640050D2DE /* Build configuration list for PBXNativeTarget "Hacker-News" */;
			buildPhases = (
				3BFFBCB928CCC4610050D2DE /* Sources */,
				3BFFBCBA28CCC4610050D2DE /* Frameworks */,
				3BFFBCBB28CCC4610050D2DE /* Resources */,
			);
			buildRules = (
			);
			dependencies = (
			);
			name = "Hacker-News";
			productName = "Hacker-News";
			productReference = 3BFFBCBD28CCC4610050D2DE /* Hacker-News.app */;
			productType = "com.apple.product-type.application";
		};
/* End PBXNativeTarget section */

/* Begin PBXProject section */
		3BFFBCB528CCC4610050D2DE /* Project object */ = {
			isa = PBXProject;
			attributes = {
				BuildIndependentTargetsInParallel = 1;
				LastSwiftUpdateCheck = 1340;
				LastUpgradeCheck = 1340;
				TargetAttributes = {
					3BFFBCBC28CCC4610050D2DE = {
						CreatedOnToolsVersion = 13.4.1;
					};
				};
			};
			buildConfigurationList = 3BFFBCB828CCC4610050D2DE /* Build configuration list for PBXProject "Hacker-News" */;
			compatibilityVersion = "Xcode 13.0";
			developmentRegion = en;
			hasScannedForEncodings = 0;
			knownRegions = (
				en,
				Base,
			);
			mainGroup = 3BFFBCB428CCC4610050D2DE;
			productRefGroup = 3BFFBCBE28CCC4610050D2DE /* Products */;
			projectDirPath = "";
			projectRoot = "";
			targets = (
				3BFFBCBC28CCC4610050D2DE /* Hacker-News */,
			);
		};
/* End PBXProject section */

/* Begin PBXResourcesBuildPhase section */
		3BFFBCBB28CCC4610050D2DE /* Resources */ = {
			isa = PBXResourcesBuildPhase;
			buildActionMask = 2147483647;
			files = (
				3BFFBCC828CCC4640050D2DE /* Preview Assets.xcassets in Resources */,
				3BFFBCC528CCC4640050D2DE /* Assets.xcassets in Resources */,
			);
			runOnlyForDeploymentPostprocessing = 0;
		};
/* End PBXResourcesBuildPhase section */

/* Begin PBXSourcesBuildPhase section */
		3BFFBCB928CCC4610050D2DE /* Sources */ = {
			isa = PBXSourcesBuildPhase;
			buildActionMask = 2147483647;
			files = (
				3BFFBCD028CCCD7C0050D2DE /* NetworkManager.swift in Sources */,
				3BFFBCDA28CCE4410050D2DE /* PostData.swift in Sources */,
				3BFFBCC328CCC4610050D2DE /* ContentView.swift in Sources */,
				3BFFBCD728CCE03C0050D2DE /* WebView.swift in Sources */,
				3BFFBCD528CCDB660050D2DE /* DetailView.swift in Sources */,
				3BFFBCC128CCC4610050D2DE /* Hacker_NewsApp.swift in Sources */,
			);
			runOnlyForDeploymentPostprocessing = 0;
		};
/* End PBXSourcesBuildPhase section */

/* Begin XCBuildConfiguration section */
		3BFFBCC928CCC4640050D2DE /* Debug */ = {
			isa = XCBuildConfiguration;
			buildSettings = {
				ALWAYS_SEARCH_USER_PATHS = NO;
				CLANG_ANALYZER_NONNULL = YES;
				CLANG_ANALYZER_NUMBER_OBJECT_CONVERSION = YES_AGGRESSIVE;
				CLANG_CXX_LANGUAGE_STANDARD = "gnu++17";
				CLANG_ENABLE_MODULES = YES;
				CLANG_ENABLE_OBJC_ARC = YES;
				CLANG_ENABLE_OBJC_WEAK = YES;
				CLANG_WARN_BLOCK_CAPTURE_AUTORELEASING = YES;
				CLANG_WARN_BOOL_CONVERSION = YES;
				CLANG_WARN_COMMA = YES;
				CLANG_WARN_CONSTANT_CONVERSION = YES;
				CLANG_WARN_DEPRECATED_OBJC_IMPLEMENTATIONS = YES;
				CLANG_WARN_DIRECT_OBJC_ISA_USAGE = YES_ERROR;
				CLANG_WARN_DOCUMENTATION_COMMENTS = YES;
				CLANG_WARN_EMPTY_BODY = YES;
				CLANG_WARN_ENUM_CONVERSION = YES;
				CLANG_WARN_INFINITE_RECURSION = YES;
				CLANG_WARN_INT_CONVERSION = YES;
				CLANG_WARN_NON_LITERAL_NULL_CONVERSION = YES;
				CLANG_WARN_OBJC_IMPLICIT_RETAIN_SELF = YES;
				CLANG_WARN_OBJC_LITERAL_CONVERSION = YES;
				CLANG_WARN_OBJC_ROOT_CLASS = YES_ERROR;
				CLANG_WARN_QUOTED_INCLUDE_IN_FRAMEWORK_HEADER = YES;
				CLANG_WARN_RANGE_LOOP_ANALYSIS = YES;
				CLANG_WARN_STRICT_PROTOTYPES = YES;
				CLANG_WARN_SUSPICIOUS_MOVE = YES;
				CLANG_WARN_UNGUARDED_AVAILABILITY = YES_AGGRESSIVE;
				CLANG_WARN_UNREACHABLE_CODE = YES;
				CLANG_WARN__DUPLICATE_METHOD_MATCH = YES;
				COPY_PHASE_STRIP = NO;
				DEBUG_INFORMATION_FORMAT = dwarf;
				ENABLE_STRICT_OBJC_MSGSEND = YES;
				ENABLE_TESTABILITY = YES;
				GCC_C_LANGUAGE_STANDARD = gnu11;
				GCC_DYNAMIC_NO_PIC = NO;
				GCC_NO_COMMON_BLOCKS = YES;
				GCC_OPTIMIZATION_LEVEL = 0;
				GCC_PREPROCESSOR_DEFINITIONS = (
					"DEBUG=1",
					"$(inherited)",
				);
				GCC_WARN_64_TO_32_BIT_CONVERSION = YES;
				GCC_WARN_ABOUT_RETURN_TYPE = YES_ERROR;
				GCC_WARN_UNDECLARED_SELECTOR = YES;
				GCC_WARN_UNINITIALIZED_AUTOS = YES_AGGRESSIVE;
				GCC_WARN_UNUSED_FUNCTION = YES;
				GCC_WARN_UNUSED_VARIABLE = YES;
				IPHONEOS_DEPLOYMENT_TARGET = 15.5;
				MTL_ENABLE_DEBUG_INFO = INCLUDE_SOURCE;
				MTL_FAST_MATH = YES;
				ONLY_ACTIVE_ARCH = YES;
				SDKROOT = iphoneos;
				SWIFT_ACTIVE_COMPILATION_CONDITIONS = DEBUG;
				SWIFT_OPTIMIZATION_LEVEL = "-Onone";
			};
			name = Debug;
		};
		3BFFBCCA28CCC4640050D2DE /* Release */ = {
			isa = XCBuildConfiguration;
			buildSettings = {
				ALWAYS_SEARCH_USER_PATHS = NO;
				CLANG_ANALYZER_NONNULL = YES;
				CLANG_ANALYZER_NUMBER_OBJECT_CONVERSION = YES_AGGRESSIVE;
				CLANG_CXX_LANGUAGE_STANDARD = "gnu++17";
				CLANG_ENABLE_MODULES = YES;
				CLANG_ENABLE_OBJC_ARC = YES;
				CLANG_ENABLE_OBJC_WEAK = YES;
				CLANG_WARN_BLOCK_CAPTURE_AUTORELEASING = YES;
				CLANG_WARN_BOOL_CONVERSION = YES;
				CLANG_WARN_COMMA = YES;
				CLANG_WARN_CONSTANT_CONVERSION = YES;
				CLANG_WARN_DEPRECATED_OBJC_IMPLEMENTATIONS = YES;
				CLANG_WARN_DIRECT_OBJC_ISA_USAGE = YES_ERROR;
				CLANG_WARN_DOCUMENTATION_COMMENTS = YES;
				CLANG_WARN_EMPTY_BODY = YES;
				CLANG_WARN_ENUM_CONVERSION = YES;
				CLANG_WARN_INFINITE_RECURSION = YES;
				CLANG_WARN_INT_CONVERSION = YES;
				CLANG_WARN_NON_LITERAL_NULL_CONVERSION = YES;
				CLANG_WARN_OBJC_IMPLICIT_RETAIN_SELF = YES;
				CLANG_WARN_OBJC_LITERAL_CONVERSION = YES;
				CLANG_WARN_OBJC_ROOT_CLASS = YES_ERROR;
				CLANG_WARN_QUOTED_INCLUDE_IN_FRAMEWORK_HEADER = YES;
				CLANG_WARN_RANGE_LOOP_ANALYSIS = YES;
				CLANG_WARN_STRICT_PROTOTYPES = YES;
				CLANG_WARN_SUSPICIOUS_MOVE = YES;
				CLANG_WARN_UNGUARDED_AVAILABILITY = YES_AGGRESSIVE;
				CLANG_WARN_UNREACHABLE_CODE = YES;
				CLANG_WARN__DUPLICATE_METHOD_MATCH = YES;
				COPY_PHASE_STRIP = NO;
				DEBUG_INFORMATION_FORMAT = "dwarf-with-dsym";
				ENABLE_NS_ASSERTIONS = NO;
				ENABLE_STRICT_OBJC_MSGSEND = YES;
				GCC_C_LANGUAGE_STANDARD = gnu11;
				GCC_NO_COMMON_BLOCKS = YES;
				GCC_WARN_64_TO_32_BIT_CONVERSION = YES;
				GCC_WARN_ABOUT_RETURN_TYPE = YES_ERROR;
				GCC_WARN_UNDECLARED_SELECTOR = YES;
				GCC_WARN_UNINITIALIZED_AUTOS = YES_AGGRESSIVE;
				GCC_WARN_UNUSED_FUNCTION = YES;
				GCC_WARN_UNUSED_VARIABLE = YES;
				IPHONEOS_DEPLOYMENT_TARGET = 15.5;
				MTL_ENABLE_DEBUG_INFO = NO;
				MTL_FAST_MATH = YES;
				SDKROOT = iphoneos;
				SWIFT_COMPILATION_MODE = wholemodule;
				SWIFT_OPTIMIZATION_LEVEL = "-O";
				VALIDATE_PRODUCT = YES;
			};
			name = Release;
		};
		3BFFBCCC28CCC4640050D2DE /* Debug */ = {
			isa = XCBuildConfiguration;
			buildSettings = {
				ASSETCATALOG_COMPILER_APPICON_NAME = AppIcon;
				ASSETCATALOG_COMPILER_GLOBAL_ACCENT_COLOR_NAME = AccentColor;
				CODE_SIGN_ENTITLEMENTS = "Hacker-News/Hacker-News.entitlements";
				CODE_SIGN_STYLE = Automatic;
				CURRENT_PROJECT_VERSION = 1;
				DEVELOPMENT_ASSET_PATHS = "\"Hacker-News/Preview Content\"";
				DEVELOPMENT_TEAM = 4S8JDT2SYL;
				ENABLE_PREVIEWS = YES;
				GENERATE_INFOPLIST_FILE = YES;
				INFOPLIST_KEY_UIApplicationSceneManifest_Generation = YES;
				INFOPLIST_KEY_UIApplicationSupportsIndirectInputEvents = YES;
				INFOPLIST_KEY_UILaunchScreen_Generation = YES;
				INFOPLIST_KEY_UISupportedInterfaceOrientations_iPad = "UIInterfaceOrientationPortrait UIInterfaceOrientationPortraitUpsideDown UIInterfaceOrientationLandscapeLeft UIInterfaceOrientationLandscapeRight";
				INFOPLIST_KEY_UISupportedInterfaceOrientations_iPhone = "UIInterfaceOrientationPortrait UIInterfaceOrientationLandscapeLeft UIInterfaceOrientationLandscapeRight";
				LD_RUNPATH_SEARCH_PATHS = (
					"$(inherited)",
					"@executable_path/Frameworks",
				);
				MARKETING_VERSION = 1.0;
				PRODUCT_BUNDLE_IDENTIFIER = "com.ahmedyasser.Hacker-News";
				PRODUCT_NAME = "$(TARGET_NAME)";
				SUPPORTS_MACCATALYST = YES;
				SWIFT_EMIT_LOC_STRINGS = YES;
				SWIFT_VERSION = 5.0;
				TARGETED_DEVICE_FAMILY = "1,2";
			};
			name = Debug;
		};
		3BFFBCCD28CCC4640050D2DE /* Release */ = {
			isa = XCBuildConfiguration;
			buildSettings = {
				ASSETCATALOG_COMPILER_APPICON_NAME = AppIcon;
				ASSETCATALOG_COMPILER_GLOBAL_ACCENT_COLOR_NAME = AccentColor;
				CODE_SIGN_ENTITLEMENTS = "Hacker-News/Hacker-News.entitlements";
				CODE_SIGN_STYLE = Automatic;
				CURRENT_PROJECT_VERSION = 1;
				DEVELOPMENT_ASSET_PATHS = "\"Hacker-News/Preview Content\"";
				DEVELOPMENT_TEAM = 4S8JDT2SYL;
				ENABLE_PREVIEWS = YES;
				GENERATE_INFOPLIST_FILE = YES;
				INFOPLIST_KEY_UIApplicationSceneManifest_Generation = YES;
				INFOPLIST_KEY_UIApplicationSupportsIndirectInputEvents = YES;
				INFOPLIST_KEY_UILaunchScreen_Generation = YES;
				INFOPLIST_KEY_UISupportedInterfaceOrientations_iPad = "UIInterfaceOrientationPortrait UIInterfaceOrientationPortraitUpsideDown UIInterfaceOrientationLandscapeLeft UIInterfaceOrientationLandscapeRight";
				INFOPLIST_KEY_UISupportedInterfaceOrientations_iPhone = "UIInterfaceOrientationPortrait UIInterfaceOrientationLandscapeLeft UIInterfaceOrientationLandscapeRight";
				LD_RUNPATH_SEARCH_PATHS = (
					"$(inherited)",
					"@executable_path/Frameworks",
				);
				MARKETING_VERSION = 1.0;
				PRODUCT_BUNDLE_IDENTIFIER = "com.ahmedyasser.Hacker-News";
				PRODUCT_NAME = "$(TARGET_NAME)";
				SUPPORTS_MACCATALYST = YES;
				SWIFT_EMIT_LOC_STRINGS = YES;
				SWIFT_VERSION = 5.0;
				TARGETED_DEVICE_FAMILY = "1,2";
			};
			name = Release;
		};
/* End XCBuildConfiguration section */

/* Begin XCConfigurationList section */
		3BFFBCB828CCC4610050D2DE /* Build configuration list for PBXProject "Hacker-News" */ = {
			isa = XCConfigurationList;
			buildConfigurations = (
				3BFFBCC928CCC4640050D2DE /* Debug */,
				3BFFBCCA28CCC4640050D2DE /* Release */,
			);
			defaultConfigurationIsVisible = 0;
			defaultConfigurationName = Release;
		};
		3BFFBCCB28CCC4640050D2DE /* Build configuration list for PBXNativeTarget "Hacker-News" */ = {
			isa = XCConfigurationList;
			buildConfigurations = (
				3BFFBCCC28CCC4640050D2DE /* Debug */,
				3BFFBCCD28CCC4640050D2DE /* Release */,
			);
			defaultConfigurationIsVisible = 0;
			defaultConfigurationName = Release;
		};
/* End XCConfigurationList section */
	};
	rootObject = 3BFFBCB528CCC4610050D2DE /* Project object */;
}
